
Microsoft Visual Studio Solution File, Format Version 12.00
# Visual Studio 15
VisualStudioVersion = 15.0.27703.2035
MinimumVisualStudioVersion = 10.0.40219.1
Project("{888888A0-9F3D-457C-B088-3A5042F75D52}") = "samplepywebapp", "samplepywebapp\samplepywebapp.pyproj", "{D1F0CEBE-66C8-4E2E-9AD5-7291D16D9BF7}"
EndProject
Global
	GlobalSection(SolutionConfigurationPlatforms) = preSolution
		Debug|Any CPU = Debug|Any CPU
		Release|Any CPU = Release|Any CPU
	EndGlobalSection
	GlobalSection(ProjectConfigurationPlatforms) = postSolution
		{D1F0CEBE-66C8-4E2E-9AD5-7291D16D9BF7}.Debug|Any CPU.ActiveCfg = Debug|Any CPU
		{D1F0CEBE-66C8-4E2E-9AD5-7291D16D9BF7}.Debug|Any CPU.Build.0 = Debug|Any CPU
		{D1F0CEBE-66C8-4E2E-9AD5-7291D16D9BF7}.Release|Any CPU.ActiveCfg = Release|Any CPU
		{D1F0CEBE-66C8-4E2E-9AD5-7291D16D9BF7}.Release|Any CPU.Build.0 = Release|Any CPU
	EndGlobalSection
	GlobalSection(SolutionProperties) = preSolution
		HideSolutionNode = FALSE
	EndGlobalSection
	GlobalSection(ExtensibilityGlobals) = postSolution
		SolutionGuid = {DF54FAEF-375B-4934-AEF2-698C869C6E50}
	EndGlobalSection
EndGlobal
